
Microsoft Visual Studio Solution File, Format Version 12.00
# Visual Studio Version 17
VisualStudioVersion = 17.5.002.0
MinimumVisualStudioVersion = 10.0.40219.1
Project("{9A19103F-16F7-4668-BE54-9A1E7A4F7556}") = "crow", "crow.csproj", "{ADA5DBD5-B9A7-4B13-B0C6-CC900D2414D1}"
EndProject
Global
	GlobalSection(SolutionConfigurationPlatforms) = preSolution
		Debug|Any CPU = Debug|Any CPU
		Release|Any CPU = Release|Any CPU
	EndGlobalSection
	GlobalSection(ProjectConfigurationPlatforms) = postSolution
		{ADA5DBD5-B9A7-4B13-B0C6-CC900D2414D1}.Debug|Any CPU.ActiveCfg = Debug|Any CPU
		{ADA5DBD5-B9A7-4B13-B0C6-CC900D2414D1}.Debug|Any CPU.Build.0 = Debug|Any CPU
		{ADA5DBD5-B9A7-4B13-B0C6-CC900D2414D1}.Release|Any CPU.ActiveCfg = Release|Any CPU
		{ADA5DBD5-B9A7-4B13-B0C6-CC900D2414D1}.Release|Any CPU.Build.0 = Release|Any CPU
	EndGlobalSection
	GlobalSection(SolutionProperties) = preSolution
		HideSolutionNode = FALSE
	EndGlobalSection
	GlobalSection(ExtensibilityGlobals) = postSolution
		SolutionGuid = {22574C45-6459-471F-9700-3A00A6FB9B80}
	EndGlobalSection
EndGlobal
